// !$*UTF8*$!
{
	archiveVersion = 1;
	classes = {
	};
	objectVersion = 46;
	objects = {

/* Begin PBXBuildFile section */
		D99729C81D6560B100BA5438 /* main.m in Sources */ = {isa = PBXBuildFile; fileRef = D99729C71D6560B100BA5438 /* main.m */; };
		D99729CB1D6560B100BA5438 /* AppDelegate.m in Sources */ = {isa = PBXBuildFile; fileRef = D99729CA1D6560B100BA5438 /* AppDelegate.m */; };
		D99729CD1D6560B100BA5438 /* art.scnassets in Resources */ = {isa = PBXBuildFile; fileRef = D99729CC1D6560B100BA5438 /* art.scnassets */; };
		D99729D01D6560B100BA5438 /* GameViewController.m in Sources */ = {isa = PBXBuildFile; fileRef = D99729CF1D6560B100BA5438 /* GameViewController.m */; };
		D99729D31D6560B100BA5438 /* Main.storyboard in Resources */ = {isa = PBXBuildFile; fileRef = D99729D11D6560B100BA5438 /* Main.storyboard */; };
		D99729D51D6560B100BA5438 /* Assets.xcassets in Resources */ = {isa = PBXBuildFile; fileRef = D99729D41D6560B100BA5438 /* Assets.xcassets */; };
		D99729D81D6560B100BA5438 /* LaunchScreen.storyboard in Resources */ = {isa = PBXBuildFile; fileRef = D99729D61D6560B100BA5438 /* LaunchScreen.storyboard */; };
		D99729E31D6560B100BA5438 /* testTests.m in Sources */ = {isa = PBXBuildFile; fileRef = D99729E21D6560B100BA5438 /* testTests.m */; };
		D99729EE1D6560B100BA5438 /* testUITests.m in Sources */ = {isa = PBXBuildFile; fileRef = D99729ED1D6560B100BA5438 /* testUITests.m */; };
		D99729FC1D65665500BA5438 /* test.gpx in Resources */ = {isa = PBXBuildFile; fileRef = D99729FB1D65665500BA5438 /* test.gpx */; };
/* End PBXBuildFile section */

/* Begin PBXContainerItemProxy section */
		D99729DF1D6560B100BA5438 /* PBXContainerItemProxy */ = {
			isa = PBXContainerItemProxy;
			containerPortal = D99729BB1D6560B000BA5438 /* Project object */;
			proxyType = 1;
			remoteGlobalIDString = D99729C21D6560B100BA5438;
			remoteInfo = test;
		};
		D99729EA1D6560B100BA5438 /* PBXContainerItemProxy */ = {
			isa = PBXContainerItemProxy;
			containerPortal = D99729BB1D6560B000BA5438 /* Project object */;
			proxyType = 1;
			remoteGlobalIDString = D99729C21D6560B100BA5438;
			remoteInfo = test;
		};
/* End PBXContainerItemProxy section */

/* Begin PBXFileReference section */
		D99729C31D6560B100BA5438 /* test.app */ = {isa = PBXFileReference; explicitFileType = wrapper.application; includeInIndex = 0; path = test.app; sourceTree = BUILT_PRODUCTS_DIR; };
		D99729C71D6560B100BA5438 /* main.m */ = {isa = PBXFileReference; lastKnownFileType = sourcecode.c.objc; path = main.m; sourceTree = "<group>"; };
		D99729C91D6560B100BA5438 /* AppDelegate.h */ = {isa = PBXFileReference; lastKnownFileType = sourcecode.c.h; path = AppDelegate.h; sourceTree = "<group>"; };
		D99729CA1D6560B100BA5438 /* AppDelegate.m */ = {isa = PBXFileReference; lastKnownFileType = sourcecode.c.objc; path = AppDelegate.m; sourceTree = "<group>"; };
		D99729CC1D6560B100BA5438 /* art.scnassets */ = {isa = PBXFileReference; lastKnownFileType = wrapper.scnassets; path = art.scnassets; sourceTree = "<group>"; };
		D99729CE1D6560B100BA5438 /* GameViewController.h */ = {isa = PBXFileReference; lastKnownFileType = sourcecode.c.h; path = GameViewController.h; sourceTree = "<group>"; };
		D99729CF1D6560B100BA5438 /* GameViewController.m */ = {isa = PBXFileReference; lastKnownFileType = sourcecode.c.objc; path = GameViewController.m; sourceTree = "<group>"; };
		D99729D21D6560B100BA5438 /* Base */ = {isa = PBXFileReference; lastKnownFileType = file.storyboard; name = Base; path = Base.lproj/Main.storyboard; sourceTree = "<group>"; };
		D99729D41D6560B100BA5438 /* Assets.xcassets */ = {isa = PBXFileReference; lastKnownFileType = folder.assetcatalog; path = Assets.xcassets; sourceTree = "<group>"; };
		D99729D71D6560B100BA5438 /* Base */ = {isa = PBXFileReference; lastKnownFileType = file.storyboard; name = Base; path = Base.lproj/LaunchScreen.storyboard; sourceTree = "<group>"; };
		D99729D91D6560B100BA5438 /* Info.plist */ = {isa = PBXFileReference; lastKnownFileType = text.plist.xml; path = Info.plist; sourceTree = "<group>"; };
		D99729DE1D6560B100BA5438 /* testTests.xctest */ = {isa = PBXFileReference; explicitFileType = wrapper.cfbundle; includeInIndex = 0; path = testTests.xctest; sourceTree = BUILT_PRODUCTS_DIR; };
		D99729E21D6560B100BA5438 /* testTests.m */ = {isa = PBXFileReference; lastKnownFileType = sourcecode.c.objc; path = testTests.m; sourceTree = "<group>"; };
		D99729E41D6560B100BA5438 /* Info.plist */ = {isa = PBXFileReference; lastKnownFileType = text.plist.xml; path = Info.plist; sourceTree = "<group>"; };
		D99729E91D6560B100BA5438 /* testUITests.xctest */ = {isa = PBXFileReference; explicitFileType = wrapper.cfbundle; includeInIndex = 0; path = testUITests.xctest; sourceTree = BUILT_PRODUCTS_DIR; };
		D99729ED1D6560B100BA5438 /* testUITests.m */ = {isa = PBXFileReference; lastKnownFileType = sourcecode.c.objc; path = testUITests.m; sourceTree = "<group>"; };
		D99729EF1D6560B100BA5438 /* Info.plist */ = {isa = PBXFileReference; lastKnownFileType = text.plist.xml; path = Info.plist; sourceTree = "<group>"; };
		D99729FB1D65665500BA5438 /* test.gpx */ = {isa = PBXFileReference; fileEncoding = 4; lastKnownFileType = text; path = test.gpx; sourceTree = "<group>"; };
		D99729FD1D65697E00BA5438 /* LocationTesting.gpx */ = {isa = PBXFileReference; lastKnownFileType = text.xml; path = LocationTesting.gpx; sourceTree = "<group>"; };
/* End PBXFileReference section */

/* Begin PBXFrameworksBuildPhase section */
		D99729C01D6560B100BA5438 /* Frameworks */ = {
			isa = PBXFrameworksBuildPhase;
			buildActionMask = 2147483647;
			files = (
			);
			runOnlyForDeploymentPostprocessing = 0;
		};
		D99729DB1D6560B100BA5438 /* Frameworks */ = {
			isa = PBXFrameworksBuildPhase;
			buildActionMask = 2147483647;
			files = (
			);
			runOnlyForDeploymentPostprocessing = 0;
		};
		D99729E61D6560B100BA5438 /* Frameworks */ = {
			isa = PBXFrameworksBuildPhase;
			buildActionMask = 2147483647;
			files = (
			);
			runOnlyForDeploymentPostprocessing = 0;
		};
/* End PBXFrameworksBuildPhase section */

/* Begin PBXGroup section */
		D99729BA1D6560B000BA5438 = {
			isa = PBXGroup;
			children = (
				D99729FD1D65697E00BA5438 /* LocationTesting.gpx */,
				D99729FB1D65665500BA5438 /* test.gpx */,
				D99729C51D6560B100BA5438 /* test */,
				D99729E11D6560B100BA5438 /* testTests */,
				D99729EC1D6560B100BA5438 /* testUITests */,
				D99729C41D6560B100BA5438 /* Products */,
			);
			sourceTree = "<group>";
		};
		D99729C41D6560B100BA5438 /* Products */ = {
			isa = PBXGroup;
			children = (
				D99729C31D6560B100BA5438 /* test.app */,
				D99729DE1D6560B100BA5438 /* testTests.xctest */,
				D99729E91D6560B100BA5438 /* testUITests.xctest */,
			);
			name = Products;
			sourceTree = "<group>";
		};
		D99729C51D6560B100BA5438 /* test */ = {
			isa = PBXGroup;
			children = (
				D99729C91D6560B100BA5438 /* AppDelegate.h */,
				D99729CA1D6560B100BA5438 /* AppDelegate.m */,
				D99729CC1D6560B100BA5438 /* art.scnassets */,
				D99729CE1D6560B100BA5438 /* GameViewController.h */,
				D99729CF1D6560B100BA5438 /* GameViewController.m */,
				D99729D11D6560B100BA5438 /* Main.storyboard */,
				D99729D41D6560B100BA5438 /* Assets.xcassets */,
				D99729D61D6560B100BA5438 /* LaunchScreen.storyboard */,
				D99729D91D6560B100BA5438 /* Info.plist */,
				D99729C61D6560B100BA5438 /* Supporting Files */,
			);
			path = test;
			sourceTree = "<group>";
		};
		D99729C61D6560B100BA5438 /* Supporting Files */ = {
			isa = PBXGroup;
			children = (
				D99729C71D6560B100BA5438 /* main.m */,
			);
			name = "Supporting Files";
			sourceTree = "<group>";
		};
		D99729E11D6560B100BA5438 /* testTests */ = {
			isa = PBXGroup;
			children = (
				D99729E21D6560B100BA5438 /* testTests.m */,
				D99729E41D6560B100BA5438 /* Info.plist */,
			);
			path = testTests;
			sourceTree = "<group>";
		};
		D99729EC1D6560B100BA5438 /* testUITests */ = {
			isa = PBXGroup;
			children = (
				D99729ED1D6560B100BA5438 /* testUITests.m */,
				D99729EF1D6560B100BA5438 /* Info.plist */,
			);
			path = testUITests;
			sourceTree = "<group>";
		};
/* End PBXGroup section */

/* Begin PBXNativeTarget section */
		D99729C21D6560B100BA5438 /* test */ = {
			isa = PBXNativeTarget;
			buildConfigurationList = D99729F21D6560B100BA5438 /* Build configuration list for PBXNativeTarget "test" */;
			buildPhases = (
				D99729BF1D6560B100BA5438 /* Sources */,
				D99729C01D6560B100BA5438 /* Frameworks */,
				D99729C11D6560B100BA5438 /* Resources */,
			);
			buildRules = (
			);
			dependencies = (
			);
			name = test;
			productName = test;
			productReference = D99729C31D6560B100BA5438 /* test.app */;
			productType = "com.apple.product-type.application";
		};
		D99729DD1D6560B100BA5438 /* testTests */ = {
			isa = PBXNativeTarget;
			buildConfigurationList = D99729F51D6560B100BA5438 /* Build configuration list for PBXNativeTarget "testTests" */;
			buildPhases = (
				D99729DA1D6560B100BA5438 /* Sources */,
				D99729DB1D6560B100BA5438 /* Frameworks */,
				D99729DC1D6560B100BA5438 /* Resources */,
			);
			buildRules = (
			);
			dependencies = (
				D99729E01D6560B100BA5438 /* PBXTargetDependency */,
			);
			name = testTests;
			productName = testTests;
			productReference = D99729DE1D6560B100BA5438 /* testTests.xctest */;
			productType = "com.apple.product-type.bundle.unit-test";
		};
		D99729E81D6560B100BA5438 /* testUITests */ = {
			isa = PBXNativeTarget;
			buildConfigurationList = D99729F81D6560B100BA5438 /* Build configuration list for PBXNativeTarget "testUITests" */;
			buildPhases = (
				D99729E51D6560B100BA5438 /* Sources */,
				D99729E61D6560B100BA5438 /* Frameworks */,
				D99729E71D6560B100BA5438 /* Resources */,
			);
			buildRules = (
			);
			dependencies = (
				D99729EB1D6560B100BA5438 /* PBXTargetDependency */,
			);
			name = testUITests;
			productName = testUITests;
			productReference = D99729E91D6560B100BA5438 /* testUITests.xctest */;
			productType = "com.apple.product-type.bundle.ui-testing";
		};
/* End PBXNativeTarget section */

/* Begin PBXProject section */
		D99729BB1D6560B000BA5438 /* Project object */ = {
			isa = PBXProject;
			attributes = {
				LastUpgradeCheck = 0730;
				ORGANIZATIONNAME = "Austin Tebbs";
				TargetAttributes = {
					D99729C21D6560B100BA5438 = {
						CreatedOnToolsVersion = 7.3.1;
						DevelopmentTeam = 49496CPXPP;
					};
					D99729DD1D6560B100BA5438 = {
						CreatedOnToolsVersion = 7.3.1;
						TestTargetID = D99729C21D6560B100BA5438;
					};
					D99729E81D6560B100BA5438 = {
						CreatedOnToolsVersion = 7.3.1;
						TestTargetID = D99729C21D6560B100BA5438;
					};
				};
			};
			buildConfigurationList = D99729BE1D6560B000BA5438 /* Build configuration list for PBXProject "test" */;
			compatibilityVersion = "Xcode 3.2";
			developmentRegion = English;
			hasScannedForEncodings = 0;
			knownRegions = (
				en,
				Base,
			);
			mainGroup = D99729BA1D6560B000BA5438;
			productRefGroup = D99729C41D6560B100BA5438 /* Products */;
			projectDirPath = "";
			projectRoot = "";
			targets = (
				D99729C21D6560B100BA5438 /* test */,
				D99729DD1D6560B100BA5438 /* testTests */,
				D99729E81D6560B100BA5438 /* testUITests */,
			);
		};
/* End PBXProject section */

/* Begin PBXResourcesBuildPhase section */
		D99729C11D6560B100BA5438 /* Resources */ = {
			isa = PBXResourcesBuildPhase;
			buildActionMask = 2147483647;
			files = (
				D99729CD1D6560B100BA5438 /* art.scnassets in Resources */,
				D99729FC1D65665500BA5438 /* test.gpx in Resources */,
				D99729D81D6560B100BA5438 /* LaunchScreen.storyboard in Resources */,
				D99729D51D6560B100BA5438 /* Assets.xcassets in Resources */,
				D99729D31D6560B100BA5438 /* Main.storyboard in Resources */,
			);
			runOnlyForDeploymentPostprocessing = 0;
		};
		D99729DC1D6560B100BA5438 /* Resources */ = {
			isa = PBXResourcesBuildPhase;
			buildActionMask = 2147483647;
			files = (
			);
			runOnlyForDeploymentPostprocessing = 0;
		};
		D99729E71D6560B100BA5438 /* Resources */ = {
			isa = PBXResourcesBuildPhase;
			buildActionMask = 2147483647;
			files = (
			);
			runOnlyForDeploymentPostprocessing = 0;
		};
/* End PBXResourcesBuildPhase section */

/* Begin PBXSourcesBuildPhase section */
		D99729BF1D6560B100BA5438 /* Sources */ = {
			isa = PBXSourcesBuildPhase;
			buildActionMask = 2147483647;
			files = (
				D99729CB1D6560B100BA5438 /* AppDelegate.m in Sources */,
				D99729D01D6560B100BA5438 /* GameViewController.m in Sources */,
				D99729C81D6560B100BA5438 /* main.m in Sources */,
			);
			runOnlyForDeploymentPostprocessing = 0;
		};
		D99729DA1D6560B100BA5438 /* Sources */ = {
			isa = PBXSourcesBuildPhase;
			buildActionMask = 2147483647;
			files = (
				D99729E31D6560B100BA5438 /* testTests.m in Sources */,
			);
			runOnlyForDeploymentPostprocessing = 0;
		};
		D99729E51D6560B100BA5438 /* Sources */ = {
			isa = PBXSourcesBuildPhase;
			buildActionMask = 2147483647;
			files = (
				D99729EE1D6560B100BA5438 /* testUITests.m in Sources */,
			);
			runOnlyForDeploymentPostprocessing = 0;
		};
/* End PBXSourcesBuildPhase section */

/* Begin PBXTargetDependency section */
		D99729E01D6560B100BA5438 /* PBXTargetDependency */ = {
			isa = PBXTargetDependency;
			target = D99729C21D6560B100BA5438 /* test */;
			targetProxy = D99729DF1D6560B100BA5438 /* PBXContainerItemProxy */;
		};
		D99729EB1D6560B100BA5438 /* PBXTargetDependency */ = {
			isa = PBXTargetDependency;
			target = D99729C21D6560B100BA5438 /* test */;
			targetProxy = D99729EA1D6560B100BA5438 /* PBXContainerItemProxy */;
		};
/* End PBXTargetDependency section */

/* Begin PBXVariantGroup section */
		D99729D11D6560B100BA5438 /* Main.storyboard */ = {
			isa = PBXVariantGroup;
			children = (
				D99729D21D6560B100BA5438 /* Base */,
			);
			name = Main.storyboard;
			sourceTree = "<group>";
		};
		D99729D61D6560B100BA5438 /* LaunchScreen.storyboard */ = {
			isa = PBXVariantGroup;
			children = (
				D99729D71D6560B100BA5438 /* Base */,
			);
			name = LaunchScreen.storyboard;
			sourceTree = "<group>";
		};
/* End PBXVariantGroup section */

/* Begin XCBuildConfiguration section */
		D99729F01D6560B100BA5438 /* Debug */ = {
			isa = XCBuildConfiguration;
			buildSettings = {
				ALWAYS_SEARCH_USER_PATHS = NO;
				CLANG_ANALYZER_NONNULL = YES;
				CLANG_CXX_LANGUAGE_STANDARD = "gnu++0x";
				CLANG_CXX_LIBRARY = "libc++";
				CLANG_ENABLE_MODULES = YES;
				CLANG_ENABLE_OBJC_ARC = YES;
				CLANG_WARN_BOOL_CONVERSION = YES;
				CLANG_WARN_CONSTANT_CONVERSION = YES;
				CLANG_WARN_DIRECT_OBJC_ISA_USAGE = YES_ERROR;
				CLANG_WARN_EMPTY_BODY = YES;
				CLANG_WARN_ENUM_CONVERSION = YES;
				CLANG_WARN_INT_CONVERSION = YES;
				CLANG_WARN_OBJC_ROOT_CLASS = YES_ERROR;
				CLANG_WARN_UNREACHABLE_CODE = YES;
				CLANG_WARN__DUPLICATE_METHOD_MATCH = YES;
				"CODE_SIGN_IDENTITY[sdk=iphoneos*]" = "iPhone Developer";
				COPY_PHASE_STRIP = NO;
				DEBUG_INFORMATION_FORMAT = "dwarf-with-dsym";
				ENABLE_STRICT_OBJC_MSGSEND = YES;
				ENABLE_TESTABILITY = YES;
				GCC_C_LANGUAGE_STANDARD = gnu99;
				GCC_DYNAMIC_NO_PIC = NO;
				GCC_NO_COMMON_BLOCKS = YES;
				GCC_OPTIMIZATION_LEVEL = 0;
				GCC_PREPROCESSOR_DEFINITIONS = (
					"DEBUG=1",
					"$(inherited)",
				);
				GCC_WARN_64_TO_32_BIT_CONVERSION = YES;
				GCC_WARN_ABOUT_RETURN_TYPE = YES_ERROR;
				GCC_WARN_UNDECLARED_SELECTOR = YES;
				GCC_WARN_UNINITIALIZED_AUTOS = YES_AGGRESSIVE;
				GCC_WARN_UNUSED_FUNCTION = YES;
				GCC_WARN_UNUSED_VARIABLE = YES;
				IPHONEOS_DEPLOYMENT_TARGET = 9.3;
				MTL_ENABLE_DEBUG_INFO = YES;
				ONLY_ACTIVE_ARCH = YES;
				SDKROOT = iphoneos;
				TARGETED_DEVICE_FAMILY = "1,2";
			};
			name = Debug;
		};
		D99729F11D6560B100BA5438 /* Release */ = {
			isa = XCBuildConfiguration;
			buildSettings = {
				ALWAYS_SEARCH_USER_PATHS = NO;
				CLANG_ANALYZER_NONNULL = YES;
				CLANG_CXX_LANGUAGE_STANDARD = "gnu++0x";
				CLANG_CXX_LIBRARY = "libc++";
				CLANG_ENABLE_MODULES = YES;
				CLANG_ENABLE_OBJC_ARC = YES;
				CLANG_WARN_BOOL_CONVERSION = YES;
				CLANG_WARN_CONSTANT_CONVERSION = YES;
				CLANG_WARN_DIRECT_OBJC_ISA_USAGE = YES_ERROR;
				CLANG_WARN_EMPTY_BODY = YES;
				CLANG_WARN_ENUM_CONVERSION = YES;
				CLANG_WARN_INT_CONVERSION = YES;
				CLANG_WARN_OBJC_ROOT_CLASS = YES_ERROR;
				CLANG_WARN_UNREACHABLE_CODE = YES;
				CLANG_WARN__DUPLICATE_METHOD_MATCH = YES;
				"CODE_SIGN_IDENTITY[sdk=iphoneos*]" = "iPhone Developer";
				COPY_PHASE_STRIP = NO;
				DEBUG_INFORMATION_FORMAT = "dwarf-with-dsym";
				ENABLE_NS_ASSERTIONS = NO;
				ENABLE_STRICT_OBJC_MSGSEND = YES;
				GCC_C_LANGUAGE_STANDARD = gnu99;
				GCC_NO_COMMON_BLOCKS = YES;
				GCC_WARN_64_TO_32_BIT_CONVERSION = YES;
				GCC_WARN_ABOUT_RETURN_TYPE = YES_ERROR;
				GCC_WARN_UNDECLARED_SELECTOR = YES;
				GCC_WARN_UNINITIALIZED_AUTOS = YES_AGGRESSIVE;
				GCC_WARN_UNUSED_FUNCTION = YES;
				GCC_WARN_UNUSED_VARIABLE = YES;
				IPHONEOS_DEPLOYMENT_TARGET = 9.3;
				MTL_ENABLE_DEBUG_INFO = NO;
				SDKROOT = iphoneos;
				TARGETED_DEVICE_FAMILY = "1,2";
				VALIDATE_PRODUCT = YES;
			};
			name = Release;
		};
		D99729F31D6560B100BA5438 /* Debug */ = {
			isa = XCBuildConfiguration;
			buildSettings = {
				ASSETCATALOG_COMPILER_APPICON_NAME = AppIcon;
				CODE_SIGN_IDENTITY = "iPhone Developer";
				"CODE_SIGN_IDENTITY[sdk=iphoneos*]" = "iPhone Developer";
				INFOPLIST_FILE = test/Info.plist;
				LD_RUNPATH_SEARCH_PATHS = "$(inherited) @executable_path/Frameworks";
				PRODUCT_BUNDLE_IDENTIFIER = tbiginc.test;
				PRODUCT_NAME = "$(TARGET_NAME)";
				PROVISIONING_PROFILE = "";
			};
			name = Debug;
		};
		D99729F41D6560B100BA5438 /* Release */ = {
			isa = XCBuildConfiguration;
			buildSettings = {
				ASSETCATALOG_COMPILER_APPICON_NAME = AppIcon;
				CODE_SIGN_IDENTITY = "iPhone Developer";
				"CODE_SIGN_IDENTITY[sdk=iphoneos*]" = "iPhone Developer";
				INFOPLIST_FILE = test/Info.plist;
				LD_RUNPATH_SEARCH_PATHS = "$(inherited) @executable_path/Frameworks";
				PRODUCT_BUNDLE_IDENTIFIER = tbiginc.test;
				PRODUCT_NAME = "$(TARGET_NAME)";
				PROVISIONING_PROFILE = "";
			};
			name = Release;
		};
		D99729F61D6560B100BA5438 /* Debug */ = {
			isa = XCBuildConfiguration;
			buildSettings = {
				BUNDLE_LOADER = "$(TEST_HOST)";
				DEBUG_INFORMATION_FORMAT = dwarf;
				INFOPLIST_FILE = testTests/Info.plist;
				LD_RUNPATH_SEARCH_PATHS = "$(inherited) @executable_path/Frameworks @loader_path/Frameworks";
				PRODUCT_BUNDLE_IDENTIFIER = tbiginc.testTests;
				PRODUCT_NAME = "$(TARGET_NAME)";
				TEST_HOST = "$(BUILT_PRODUCTS_DIR)/test.app/test";
			};
			name = Debug;
		};
		D99729F71D6560B100BA5438 /* Release */ = {
			isa = XCBuildConfiguration;
			buildSettings = {
				BUNDLE_LOADER = "$(TEST_HOST)";
				INFOPLIST_FILE = testTests/Info.plist;
				LD_RUNPATH_SEARCH_PATHS = "$(inherited) @executable_path/Frameworks @loader_path/Frameworks";
				PRODUCT_BUNDLE_IDENTIFIER = tbiginc.testTests;
				PRODUCT_NAME = "$(TARGET_NAME)";
				TEST_HOST = "$(BUILT_PRODUCTS_DIR)/test.app/test";
			};
			name = Release;
		};
		D99729F91D6560B100BA5438 /* Debug */ = {
			isa = XCBuildConfiguration;
			buildSettings = {
				DEBUG_INFORMATION_FORMAT = dwarf;
				INFOPLIST_FILE = testUITests/Info.plist;
				LD_RUNPATH_SEARCH_PATHS = "$(inherited) @executable_path/Frameworks @loader_path/Frameworks";
				PRODUCT_BUNDLE_IDENTIFIER = tbiginc.testUITests;
				PRODUCT_NAME = "$(TARGET_NAME)";
				TEST_TARGET_NAME = test;
			};
			name = Debug;
		};
		D99729FA1D6560B100BA5438 /* Release */ = {
			isa = XCBuildConfiguration;
			buildSettings = {
				INFOPLIST_FILE = testUITests/Info.plist;
				LD_RUNPATH_SEARCH_PATHS = "$(inherited) @executable_path/Frameworks @loader_path/Frameworks";
				PRODUCT_BUNDLE_IDENTIFIER = tbiginc.testUITests;
				PRODUCT_NAME = "$(TARGET_NAME)";
				TEST_TARGET_NAME = test;
			};
			name = Release;
		};
/* End XCBuildConfiguration section */

/* Begin XCConfigurationList section */
		D99729BE1D6560B000BA5438 /* Build configuration list for PBXProject "test" */ = {
			isa = XCConfigurationList;
			buildConfigurations = (
				D99729F01D6560B100BA5438 /* Debug */,
				D99729F11D6560B100BA5438 /* Release */,
			);
			defaultConfigurationIsVisible = 0;
			defaultConfigurationName = Release;
		};
		D99729F21D6560B100BA5438 /* Build configuration list for PBXNativeTarget "test" */ = {
			isa = XCConfigurationList;
			buildConfigurations = (
				D99729F31D6560B100BA5438 /* Debug */,
				D99729F41D6560B100BA5438 /* Release */,
			);
			defaultConfigurationIsVisible = 0;
		};
		D99729F51D6560B100BA5438 /* Build configuration list for PBXNativeTarget "testTests" */ = {
			isa = XCConfigurationList;
			buildConfigurations = (
				D99729F61D6560B100BA5438 /* Debug */,
				D99729F71D6560B100BA5438 /* Release */,
			);
			defaultConfigurationIsVisible = 0;
		};
		D99729F81D6560B100BA5438 /* Build configuration list for PBXNativeTarget "testUITests" */ = {
			isa = XCConfigurationList;
			buildConfigurations = (
				D99729F91D6560B100BA5438 /* Debug */,
				D99729FA1D6560B100BA5438 /* Release */,
			);
			defaultConfigurationIsVisible = 0;
		};
/* End XCConfigurationList section */
	};
	rootObject = D99729BB1D6560B000BA5438 /* Project object */;
}
